
Microsoft Visual Studio Solution File, Format Version 12.00
# Visual Studio Version 16
VisualStudioVersion = 16.0.29509.3
MinimumVisualStudioVersion = 10.0.40219.1
Project("{8BC9CEB8-8B4A-11D0-8D11-00A0C91BC942}") = "KernelPID", "KernelPID\KernelPID.vcxproj", "{8ED60C05-9771-4635-9477-B2562F921232}"
EndProject
Global
	GlobalSection(SolutionConfigurationPlatforms) = preSolution
		Debug|x64 = Debug|x64
		Release|x64 = Release|x64
	EndGlobalSection
	GlobalSection(ProjectConfigurationPlatforms) = postSolution
		{8ED60C05-9771-4635-9477-B2562F921232}.Debug|x64.ActiveCfg = Debug|x64
		{8ED60C05-9771-4635-9477-B2562F921232}.Debug|x64.Build.0 = Debug|x64
		{8ED60C05-9771-4635-9477-B2562F921232}.Debug|x64.Deploy.0 = Debug|x64
		{8ED60C05-9771-4635-9477-B2562F921232}.Release|x64.ActiveCfg = Release|x64
		{8ED60C05-9771-4635-9477-B2562F921232}.Release|x64.Build.0 = Release|x64
		{8ED60C05-9771-4635-9477-B2562F921232}.Release|x64.Deploy.0 = Release|x64
	EndGlobalSection
	GlobalSection(SolutionProperties) = preSolution
		HideSolutionNode = FALSE
	EndGlobalSection
	GlobalSection(ExtensibilityGlobals) = postSolution
		SolutionGuid = {4CD11706-C998-4897-919A-EAF11445AE4E}
	EndGlobalSection
EndGlobal
